
Microsoft Visual Studio Solution File, Format Version 12.00
# Visual Studio 15
Project("{FAE04EC0-301F-11D3-BF4B-00C04F79EFBC}") = "Assembly-CSharp-firstpass", "Assembly-CSharp-firstpass.csproj", "{CA4033DE-C809-C36F-9C87-D491DAE692B4}"
EndProject
Project("{FAE04EC0-301F-11D3-BF4B-00C04F79EFBC}") = "Assembly-CSharp", "Assembly-CSharp.csproj", "{81FCE6F0-B0DE-D9EE-CF5E-82DA361940BA}"
EndProject
Project("{FAE04EC0-301F-11D3-BF4B-00C04F79EFBC}") = "Assembly-CSharp-Editor-firstpass", "Assembly-CSharp-Editor-firstpass.csproj", "{B5D95CB0-DF2D-2884-E3CD-4067BF17B5D0}"
EndProject
Global
	GlobalSection(SolutionConfigurationPlatforms) = preSolution
		Debug|Any CPU = Debug|Any CPU
		Release|Any CPU = Release|Any CPU
	EndGlobalSection
	GlobalSection(ProjectConfigurationPlatforms) = postSolution
		{CA4033DE-C809-C36F-9C87-D491DAE692B4}.Debug|Any CPU.ActiveCfg = Debug|Any CPU
		{CA4033DE-C809-C36F-9C87-D491DAE692B4}.Debug|Any CPU.Build.0 = Debug|Any CPU
		{CA4033DE-C809-C36F-9C87-D491DAE692B4}.Release|Any CPU.ActiveCfg = Release|Any CPU
		{CA4033DE-C809-C36F-9C87-D491DAE692B4}.Release|Any CPU.Build.0 = Release|Any CPU
		{81FCE6F0-B0DE-D9EE-CF5E-82DA361940BA}.Debug|Any CPU.ActiveCfg = Debug|Any CPU
		{81FCE6F0-B0DE-D9EE-CF5E-82DA361940BA}.Debug|Any CPU.Build.0 = Debug|Any CPU
		{81FCE6F0-B0DE-D9EE-CF5E-82DA361940BA}.Release|Any CPU.ActiveCfg = Release|Any CPU
		{81FCE6F0-B0DE-D9EE-CF5E-82DA361940BA}.Release|Any CPU.Build.0 = Release|Any CPU
		{B5D95CB0-DF2D-2884-E3CD-4067BF17B5D0}.Debug|Any CPU.ActiveCfg = Debug|Any CPU
		{B5D95CB0-DF2D-2884-E3CD-4067BF17B5D0}.Debug|Any CPU.Build.0 = Debug|Any CPU
		{B5D95CB0-DF2D-2884-E3CD-4067BF17B5D0}.Release|Any CPU.ActiveCfg = Release|Any CPU
		{B5D95CB0-DF2D-2884-E3CD-4067BF17B5D0}.Release|Any CPU.Build.0 = Release|Any CPU
	EndGlobalSection
	GlobalSection(SolutionProperties) = preSolution
		HideSolutionNode = FALSE
	EndGlobalSection
EndGlobal
